Microsoft Visual Studio Solution File, Format Version 12.00
# Visual Studio Version 17
VisualStudioVersion = 17.5.2.0
MinimumVisualStudioVersion = 10.0.40219.1
Project("{2150E333-8FDC-42A3-9474-1A3956D46DE8}") = "include", "include", "{B8EFE43B-BCCE-3DAD-1EBC-21459D0DF14A}"
EndProject
Project("{2150E333-8FDC-42A3-9474-1A3956D46DE8}") = "opencv", "opencv", "{F585B456-DFB3-A486-FF05-3AB3CED9BB91}"
EndProject
Project("{2150E333-8FDC-42A3-9474-1A3956D46DE8}") = "samples", "samples", "{13886002-1B8A-05E8-3B2F-C7F00F116A33}"
EndProject
Project("{2150E333-8FDC-42A3-9474-1A3956D46DE8}") = "wp8", "wp8", "{304FD492-9A56-46AC-2CE1-AE49D8558039}"
EndProject
Project("{2150E333-8FDC-42A3-9474-1A3956D46DE8}") = "OpenCVXaml", "OpenCVXaml", "{A303572D-8C32-441C-80EA-DE5F66D9BED7}"
EndProject
Project("{FAE04EC0-301F-11D3-BF4B-00C04F79EFBC}") = "OpenCVXaml", "include\opencv\samples\wp8\OpenCVXaml\OpenCVXaml\OpenCVXaml.csproj", "{4E2882D4-7520-90AF-9E1F-8A88523FF1F1}"
EndProject
Project("{2150E333-8FDC-42A3-9474-1A3956D46DE8}") = "OcvImageManipulation", "OcvImageManipulation", "{14191643-E8EE-D9E9-6DD6-32B8B7A68650}"
EndProject
Project("{2150E333-8FDC-42A3-9474-1A3956D46DE8}") = "PhoneXamlDirect3DApp1", "PhoneXamlDirect3DApp1", "{84C43558-FC88-3614-76C5-4E5865A47728}"
EndProject
Project("{FAE04EC0-301F-11D3-BF4B-00C04F79EFBC}") = "OcvImageManipulation", "include\opencv\samples\wp8\OcvImageManipulation\PhoneXamlDirect3DApp1\PhoneXamlDirect3DApp1\OcvImageManipulation.csproj", "{3965C1D7-B125-905A-56FA-CA2F1F064E45}"
EndProject
Project("{2150E333-8FDC-42A3-9474-1A3956D46DE8}") = "OcvRotatingCube", "OcvRotatingCube", "{93BE4003-B3D9-5AC3-2C04-6A0796A74FBA}"
EndProject
Project("{2150E333-8FDC-42A3-9474-1A3956D46DE8}") = "PhoneXamlDirect3DApp1", "PhoneXamlDirect3DApp1", "{BA6A120A-9D29-A3B5-EE68-7DA17F934A16}"
EndProject
Project("{FAE04EC0-301F-11D3-BF4B-00C04F79EFBC}") = "OcvRotatingCube", "include\opencv\samples\wp8\OcvRotatingCube\PhoneXamlDirect3DApp1\PhoneXamlDirect3DApp1\OcvRotatingCube.csproj", "{6387CE32-5FE0-94B3-F3D2-13267DB776F9}"
EndProject
Global
	GlobalSection(SolutionConfigurationPlatforms) = preSolution
		Debug|Any CPU = Debug|Any CPU
		Release|Any CPU = Release|Any CPU
	EndGlobalSection
	GlobalSection(ProjectConfigurationPlatforms) = postSolution
		{4E2882D4-7520-90AF-9E1F-8A88523FF1F1}.Debug|Any CPU.ActiveCfg = Debug|Any CPU
		{4E2882D4-7520-90AF-9E1F-8A88523FF1F1}.Debug|Any CPU.Build.0 = Debug|Any CPU
		{4E2882D4-7520-90AF-9E1F-8A88523FF1F1}.Release|Any CPU.ActiveCfg = Release|Any CPU
		{4E2882D4-7520-90AF-9E1F-8A88523FF1F1}.Release|Any CPU.Build.0 = Release|Any CPU
		{3965C1D7-B125-905A-56FA-CA2F1F064E45}.Debug|Any CPU.ActiveCfg = Debug|Any CPU
		{3965C1D7-B125-905A-56FA-CA2F1F064E45}.Debug|Any CPU.Build.0 = Debug|Any CPU
		{3965C1D7-B125-905A-56FA-CA2F1F064E45}.Release|Any CPU.ActiveCfg = Release|Any CPU
		{3965C1D7-B125-905A-56FA-CA2F1F064E45}.Release|Any CPU.Build.0 = Release|Any CPU
		{6387CE32-5FE0-94B3-F3D2-13267DB776F9}.Debug|Any CPU.ActiveCfg = Debug|Any CPU
		{6387CE32-5FE0-94B3-F3D2-13267DB776F9}.Debug|Any CPU.Build.0 = Debug|Any CPU
		{6387CE32-5FE0-94B3-F3D2-13267DB776F9}.Release|Any CPU.ActiveCfg = Release|Any CPU
		{6387CE32-5FE0-94B3-F3D2-13267DB776F9}.Release|Any CPU.Build.0 = Release|Any CPU
	EndGlobalSection
	GlobalSection(SolutionProperties) = preSolution
		HideSolutionNode = FALSE
	EndGlobalSection
	GlobalSection(NestedProjects) = preSolution
		{F585B456-DFB3-A486-FF05-3AB3CED9BB91} = {B8EFE43B-BCCE-3DAD-1EBC-21459D0DF14A}
		{13886002-1B8A-05E8-3B2F-C7F00F116A33} = {F585B456-DFB3-A486-FF05-3AB3CED9BB91}
		{304FD492-9A56-46AC-2CE1-AE49D8558039} = {13886002-1B8A-05E8-3B2F-C7F00F116A33}
		{A303572D-8C32-441C-80EA-DE5F66D9BED7} = {304FD492-9A56-46AC-2CE1-AE49D8558039}
		{4E2882D4-7520-90AF-9E1F-8A88523FF1F1} = {A303572D-8C32-441C-80EA-DE5F66D9BED7}
		{14191643-E8EE-D9E9-6DD6-32B8B7A68650} = {304FD492-9A56-46AC-2CE1-AE49D8558039}
		{84C43558-FC88-3614-76C5-4E5865A47728} = {14191643-E8EE-D9E9-6DD6-32B8B7A68650}
		{3965C1D7-B125-905A-56FA-CA2F1F064E45} = {84C43558-FC88-3614-76C5-4E5865A47728}
		{93BE4003-B3D9-5AC3-2C04-6A0796A74FBA} = {304FD492-9A56-46AC-2CE1-AE49D8558039}
		{BA6A120A-9D29-A3B5-EE68-7DA17F934A16} = {93BE4003-B3D9-5AC3-2C04-6A0796A74FBA}
		{6387CE32-5FE0-94B3-F3D2-13267DB776F9} = {BA6A120A-9D29-A3B5-EE68-7DA17F934A16}
	EndGlobalSection
	GlobalSection(ExtensibilityGlobals) = postSolution
		SolutionGuid = {CBE416D5-A3C2-4416-B5E4-E4D11EF6146E}
	EndGlobalSection
EndGlobal
